
Microsoft Visual Studio Solution File, Format Version 12.00
# Visual Studio Version 16
VisualStudioVersion = 16.0.29001.49
MinimumVisualStudioVersion = 10.0.40219.1
Project("{FAE04EC0-301F-11D3-BF4B-00C04F79EFBC}") = "FoodNStuff.MVC", "FoodNStuff.MVC\FoodNStuff.MVC.csproj", "{778BCDB3-F5DE-4ACD-90FE-E1A4B2ACC669}"
EndProject
Global
	GlobalSection(SolutionConfigurationPlatforms) = preSolution
		Debug|Any CPU = Debug|Any CPU
		Release|Any CPU = Release|Any CPU
	EndGlobalSection
	GlobalSection(ProjectConfigurationPlatforms) = postSolution
		{778BCDB3-F5DE-4ACD-90FE-E1A4B2ACC669}.Debug|Any CPU.ActiveCfg = Debug|Any CPU
		{778BCDB3-F5DE-4ACD-90FE-E1A4B2ACC669}.Debug|Any CPU.Build.0 = Debug|Any CPU
		{778BCDB3-F5DE-4ACD-90FE-E1A4B2ACC669}.Release|Any CPU.ActiveCfg = Release|Any CPU
		{778BCDB3-F5DE-4ACD-90FE-E1A4B2ACC669}.Release|Any CPU.Build.0 = Release|Any CPU
	EndGlobalSection
	GlobalSection(SolutionProperties) = preSolution
		HideSolutionNode = FALSE
	EndGlobalSection
	GlobalSection(ExtensibilityGlobals) = postSolution
		SolutionGuid = {30AC4C5B-41C2-496C-8C72-6AA294B2CEA8}
	EndGlobalSection
EndGlobal
